
Microsoft Visual Studio Solution File, Format Version 12.00
# Visual Studio Version 17
VisualStudioVersion = 17.14.36705.20
MinimumVisualStudioVersion = 10.0.40219.1
Project("{FAE04EC0-301F-11D3-BF4B-00C04F79EFBC}") = "Books.Shared", "Books.Shared\Books.Shared.csproj", "{52C4BC68-604C-4B89-B415-13A77DB287D4}"
EndProject
Project("{FAE04EC0-301F-11D3-BF4B-00C04F79EFBC}") = "Books.API", "Books.API\Books.API.csproj", "{266E4777-27E5-428F-B0B3-4AEF6E8C372C}"
EndProject
Project("{FAE04EC0-301F-11D3-BF4B-00C04F79EFBC}") = "Books.Frontend", "Books.Frontend\Books.Frontend.csproj", "{B350F1D5-F0A0-4AE1-A321-1F519D550E9A}"
EndProject
Global
	GlobalSection(SolutionConfigurationPlatforms) = preSolution
		Debug|Any CPU = Debug|Any CPU
		Release|Any CPU = Release|Any CPU
	EndGlobalSection
	GlobalSection(ProjectConfigurationPlatforms) = postSolution
		{52C4BC68-604C-4B89-B415-13A77DB287D4}.Debug|Any CPU.ActiveCfg = Debug|Any CPU
		{52C4BC68-604C-4B89-B415-13A77DB287D4}.Debug|Any CPU.Build.0 = Debug|Any CPU
		{52C4BC68-604C-4B89-B415-13A77DB287D4}.Release|Any CPU.ActiveCfg = Release|Any CPU
		{52C4BC68-604C-4B89-B415-13A77DB287D4}.Release|Any CPU.Build.0 = Release|Any CPU
		{266E4777-27E5-428F-B0B3-4AEF6E8C372C}.Debug|Any CPU.ActiveCfg = Debug|Any CPU
		{266E4777-27E5-428F-B0B3-4AEF6E8C372C}.Debug|Any CPU.Build.0 = Debug|Any CPU
		{266E4777-27E5-428F-B0B3-4AEF6E8C372C}.Release|Any CPU.ActiveCfg = Release|Any CPU
		{266E4777-27E5-428F-B0B3-4AEF6E8C372C}.Release|Any CPU.Build.0 = Release|Any CPU
		{B350F1D5-F0A0-4AE1-A321-1F519D550E9A}.Debug|Any CPU.ActiveCfg = Debug|Any CPU
		{B350F1D5-F0A0-4AE1-A321-1F519D550E9A}.Debug|Any CPU.Build.0 = Debug|Any CPU
		{B350F1D5-F0A0-4AE1-A321-1F519D550E9A}.Release|Any CPU.ActiveCfg = Release|Any CPU
		{B350F1D5-F0A0-4AE1-A321-1F519D550E9A}.Release|Any CPU.Build.0 = Release|Any CPU
	EndGlobalSection
	GlobalSection(SolutionProperties) = preSolution
		HideSolutionNode = FALSE
	EndGlobalSection
	GlobalSection(ExtensibilityGlobals) = postSolution
		SolutionGuid = {F48B72CB-585C-4BEA-83FD-7F82EA732A60}
	EndGlobalSection
EndGlobal
